{
  "name": "hexo-site",
  "version": "0.0.0",
  "lockfileVersion": 1,
  "requires": true,
  "dependencies": {
    "argparse": {
      "version": "2.0.1",
      "resolved": "https://r.cnpmjs.org/argparse/download/argparse-2.0.1.tgz",
      "integrity": "sha1-JG9Q88p4oyQPbJl+ipvR6sSeSzg="
    },
    "bluebird": {
      "version": "3.7.2",
      "resolved": "https://r.cnpmjs.org/bluebird/download/bluebird-3.7.2.tgz",
      "integrity": "sha1-nyKcFb4nJFT/qXOs4NvueaGww28="
    },
    "camel-case": {
      "version": "4.1.2",
      "resolved": "https://r.cnpmjs.org/camel-case/download/camel-case-4.1.2.tgz",
      "integrity": "sha1-lygHKpVPgFIoIlpt7qazhGHhvVo=",
      "requires": {
        "pascal-case": "^3.1.2",
        "tslib": "^2.0.3"
      }
    },
    "clipboard": {
      "version": "2.0.8",
      "resolved": "https://r.cnpmjs.org/clipboard/download/clipboard-2.0.8.tgz",
      "integrity": "sha1-/8bBA90pZ6gwBfP2GXaqRlWkzbo=",
      "optional": true,
      "requires": {
        "good-listener": "^1.2.2",
        "select": "^1.1.2",
        "tiny-emitter": "^2.0.0"
      }
    },
    "cross-spawn": {
      "version": "7.0.3",
      "resolved": "https://r.cnpmjs.org/cross-spawn/download/cross-spawn-7.0.3.tgz",
      "integrity": "sha1-9zqFudXUHQRVUcF34ogtSshXKKY=",
      "requires": {
        "path-key": "^3.1.0",
        "shebang-command": "^2.0.0",
        "which": "^2.0.1"
      }
    },
    "deepmerge": {
      "version": "4.2.2",
      "resolved": "https://r.cnpmjs.org/deepmerge/download/deepmerge-4.2.2.tgz",
      "integrity": "sha1-RNLqNnm49NT/ujPwPYZfwee/SVU="
    },
    "delegate": {
      "version": "3.2.0",
      "resolved": "https://r.cnpmjs.org/delegate/download/delegate-3.2.0.tgz",
      "integrity": "sha1-tmtxwxWFIuirV0T3INjKDCr1kWY=",
      "optional": true
    },
    "dom-serializer": {
      "version": "1.3.1",
      "resolved": "https://r.cnpmjs.org/dom-serializer/download/dom-serializer-1.3.1.tgz",
      "integrity": "sha1-2EWhVl18BBqV5dq2IYSrQeOlGb4=",
      "requires": {
        "domelementtype": "^2.0.1",
        "domhandler": "^4.0.0",
        "entities": "^2.0.0"
      },
      "dependencies": {
        "domhandler": {
          "version": "4.2.0",
          "resolved": "https://r.cnpmjs.org/domhandler/download/domhandler-4.2.0.tgz",
          "integrity": "sha1-+XaKXwNL5gqJonwuTQ9066DYsFk=",
          "requires": {
            "domelementtype": "^2.2.0"
          }
        }
      }
    },
    "domelementtype": {
      "version": "2.2.0",
      "resolved": "https://r.cnpmjs.org/domelementtype/download/domelementtype-2.2.0.tgz",
      "integrity": "sha1-mgtsJ4LtahxzI9QiZxg9+b2LHVc="
    },
    "domhandler": {
      "version": "3.3.0",
      "resolved": "https://r.cnpmjs.org/domhandler/download/domhandler-3.3.0.tgz",
      "integrity": "sha1-bbfqRuRhfrFc+HXfaLK4UkzgA3o=",
      "requires": {
        "domelementtype": "^2.0.1"
      }
    },
    "domutils": {
      "version": "2.6.0",
      "resolved": "https://r.cnpmjs.org/domutils/download/domutils-2.6.0.tgz",
      "integrity": "sha1-LhXAQYXUP7Fq5wV8t2Qzxu25OLc=",
      "requires": {
        "dom-serializer": "^1.0.1",
        "domelementtype": "^2.2.0",
        "domhandler": "^4.2.0"
      },
      "dependencies": {
        "domhandler": {
          "version": "4.2.0",
          "resolved": "https://r.cnpmjs.org/domhandler/download/domhandler-4.2.0.tgz",
          "integrity": "sha1-+XaKXwNL5gqJonwuTQ9066DYsFk=",
          "requires": {
            "domelementtype": "^2.2.0"
          }
        }
      }
    },
    "entities": {
      "version": "2.2.0",
      "resolved": "https://r.cnpmjs.org/entities/download/entities-2.2.0.tgz",
      "integrity": "sha1-CY3JDruD2N/6CJ1VJWs1HTTE2lU="
    },
    "good-listener": {
      "version": "1.2.2",
      "resolved": "https://r.cnpmjs.org/good-listener/download/good-listener-1.2.2.tgz",
      "integrity": "sha1-1TswzfkxPf+33JoNR3CWqm0UXFA=",
      "optional": true,
      "requires": {
        "delegate": "^3.1.2"
      }
    },
    "hexo-generator-json-content": {
      "version": "4.2.3",
      "resolved": "https://r.cnpmjs.org/hexo-generator-json-content/download/hexo-generator-json-content-4.2.3.tgz",
      "integrity": "sha1-HKuvUzGcTKW+QaNKUB8oDnbK5gs=",
      "requires": {
        "hexo-util": "^2.4.0",
        "keyword-extractor": "^0.0.19",
        "moment": "^2.29.1"
      }
    },
    "hexo-util": {
      "version": "2.4.0",
      "resolved": "https://r.cnpmjs.org/hexo-util/download/hexo-util-2.4.0.tgz",
      "integrity": "sha1-9cAJmgoXGLOtJwYeXk0fuet/K0E=",
      "requires": {
        "bluebird": "^3.5.2",
        "camel-case": "^4.0.0",
        "cross-spawn": "^7.0.0",
        "deepmerge": "^4.2.2",
        "highlight.js": "^10.0.0",
        "htmlparser2": "^4.0.0",
        "prismjs": "^1.17.1",
        "strip-indent": "^3.0.0",
        "striptags": "^3.1.1"
      }
    },
    "hexo-wordcount": {
      "version": "6.0.1",
      "resolved": "https://r.cnpmjs.org/hexo-wordcount/download/hexo-wordcount-6.0.1.tgz",
      "integrity": "sha1-WmDvydPI5CGVby/WaDypSop5UmQ="
    },
    "highlight.js": {
      "version": "10.7.2",
      "resolved": "https://r.cnpmjs.org/highlight.js/download/highlight.js-10.7.2.tgz",
      "integrity": "sha1-iTGbhh7cZsSIVO0ebaIeqJ+Ec2A="
    },
    "htmlparser2": {
      "version": "4.1.0",
      "resolved": "https://r.cnpmjs.org/htmlparser2/download/htmlparser2-4.1.0.tgz",
      "integrity": "sha1-mk7xYfLkYl6/ffvmwKL1LRilnng=",
      "requires": {
        "domelementtype": "^2.0.1",
        "domhandler": "^3.0.0",
        "domutils": "^2.0.0",
        "entities": "^2.0.0"
      }
    },
    "is-plain-object": {
      "version": "2.0.4",
      "resolved": "https://r.cnpmjs.org/is-plain-object/download/is-plain-object-2.0.4.tgz",
      "integrity": "sha1-LBY7P6+xtgbZ0Xko8FwqHDjgdnc=",
      "requires": {
        "isobject": "^3.0.1"
      }
    },
    "isexe": {
      "version": "2.0.0",
      "resolved": "https://r.cnpmjs.org/isexe/download/isexe-2.0.0.tgz",
      "integrity": "sha1-6PvzdNxVb/iUehDcsFctYz8s+hA="
    },
    "isobject": {
      "version": "3.0.1",
      "resolved": "https://r.cnpmjs.org/isobject/download/isobject-3.0.1.tgz",
      "integrity": "sha1-TkMekrEalzFjaqH5yNHMvP2reN8="
    },
    "js-yaml": {
      "version": "4.1.0",
      "resolved": "https://r.cnpmjs.org/js-yaml/download/js-yaml-4.1.0.tgz",
      "integrity": "sha1-wftl+PUBeQHN0slRhkuhhFihBgI=",
      "requires": {
        "argparse": "^2.0.1"
      }
    },
    "keyword-extractor": {
      "version": "0.0.19",
      "resolved": "https://r.cnpmjs.org/keyword-extractor/download/keyword-extractor-0.0.19.tgz",
      "integrity": "sha1-u8d1SUOYbNjjdgFnHqKJdJ6DItY=",
      "requires": {
        "js-yaml": ">=3.13.1",
        "kind-of": ">=6.0.3",
        "minimist": ">=0.2.1",
        "set-value": ">=2.0.1",
        "underscore": "1.10.2",
        "underscore.string": "3.3.5"
      }
    },
    "kind-of": {
      "version": "6.0.3",
      "resolved": "https://r.cnpmjs.org/kind-of/download/kind-of-6.0.3.tgz",
      "integrity": "sha1-B8BQNKbDSfoG4k+jWqdttFgM5N0="
    },
    "lower-case": {
      "version": "2.0.2",
      "resolved": "https://r.cnpmjs.org/lower-case/download/lower-case-2.0.2.tgz",
      "integrity": "sha1-b6I3xj29xKgsoP2ILkci3F5jTig=",
      "requires": {
        "tslib": "^2.0.3"
      }
    },
    "min-indent": {
      "version": "1.0.1",
      "resolved": "https://r.cnpmjs.org/min-indent/download/min-indent-1.0.1.tgz",
      "integrity": "sha1-pj9oFnOzBXH76LwlaGrnRu76mGk="
    },
    "minimist": {
      "version": "1.2.5",
      "resolved": "https://r.cnpmjs.org/minimist/download/minimist-1.2.5.tgz",
      "integrity": "sha1-Z9ZgFLZqaoqqDAg8X9WN9OTpdgI="
    },
    "moment": {
      "version": "2.29.1",
      "resolved": "https://r.cnpmjs.org/moment/download/moment-2.29.1.tgz",
      "integrity": "sha1-sr52n6MZQL6e7qZGnAdeNQBvo9M="
    },
    "no-case": {
      "version": "3.0.4",
      "resolved": "https://r.cnpmjs.org/no-case/download/no-case-3.0.4.tgz",
      "integrity": "sha1-02H9XJgA9VhVGoNp/A3NRmK2Ek0=",
      "requires": {
        "lower-case": "^2.0.2",
        "tslib": "^2.0.3"
      }
    },
    "pascal-case": {
      "version": "3.1.2",
      "resolved": "https://r.cnpmjs.org/pascal-case/download/pascal-case-3.1.2.tgz",
      "integrity": "sha1-tI4O8rmOIF58Ha50fQsVCCN2YOs=",
      "requires": {
        "no-case": "^3.0.4",
        "tslib": "^2.0.3"
      }
    },
    "path-key": {
      "version": "3.1.1",
      "resolved": "https://r.cnpmjs.org/path-key/download/path-key-3.1.1.tgz",
      "integrity": "sha1-WB9q3mWMu6ZaDTOA3ndTKVBU83U="
    },
    "prismjs": {
      "version": "1.23.0",
      "resolved": "https://r.cnpmjs.org/prismjs/download/prismjs-1.23.0.tgz",
      "integrity": "sha1-07OWf31yRAaQSXZSqdQP8EYGfzM=",
      "requires": {
        "clipboard": "^2.0.0"
      }
    },
    "select": {
      "version": "1.1.2",
      "resolved": "https://r.cnpmjs.org/select/download/select-1.1.2.tgz",
      "integrity": "sha1-DnNQrN7ICxEIUoeG7B1EGNEbOW0=",
      "optional": true
    },
    "set-value": {
      "version": "4.0.0",
      "resolved": "https://r.cnpmjs.org/set-value/download/set-value-4.0.0.tgz",
      "integrity": "sha1-vmoTqmswvuzBiFDY2tHnJqt2lao=",
      "requires": {
        "is-plain-object": "^2.0.4"
      }
    },
    "shebang-command": {
      "version": "2.0.0",
      "resolved": "https://r.cnpmjs.org/shebang-command/download/shebang-command-2.0.0.tgz",
      "integrity": "sha1-zNCvT4g1+9wmW4JGGq8MNmY/NOo=",
      "requires": {
        "shebang-regex": "^3.0.0"
      }
    },
    "shebang-regex": {
      "version": "3.0.0",
      "resolved": "https://r.cnpmjs.org/shebang-regex/download/shebang-regex-3.0.0.tgz",
      "integrity": "sha1-rhbxZE2HPsrYQ7AwexQzYtTEIXI="
    },
    "sprintf-js": {
      "version": "1.1.2",
      "resolved": "https://r.cnpmjs.org/sprintf-js/download/sprintf-js-1.1.2.tgz",
      "integrity": "sha1-2hdlJiv4wPVxdJ8q1sJjACB65nM="
    },
    "strip-indent": {
      "version": "3.0.0",
      "resolved": "https://r.cnpmjs.org/strip-indent/download/strip-indent-3.0.0.tgz",
      "integrity": "sha1-wy4c7pQLazQyx3G8LFS8znPNMAE=",
      "requires": {
        "min-indent": "^1.0.0"
      }
    },
    "striptags": {
      "version": "3.1.1",
      "resolved": "https://r.cnpmjs.org/striptags/download/striptags-3.1.1.tgz",
      "integrity": "sha1-yMPn/db7S7OjKjt1LltePjgJPr0="
    },
    "tiny-emitter": {
      "version": "2.1.0",
      "resolved": "https://r.cnpmjs.org/tiny-emitter/download/tiny-emitter-2.1.0.tgz",
      "integrity": "sha1-HRpW7fxRxD6GPLtTgqcjMONVVCM=",
      "optional": true
    },
    "tslib": {
      "version": "2.2.0",
      "resolved": "https://r.cnpmjs.org/tslib/download/tslib-2.2.0.tgz",
      "integrity": "sha1-+yxHWXfjXiQTEe3iaTzuHsZpj1w="
    },
    "underscore": {
      "version": "1.10.2",
      "resolved": "https://r.cnpmjs.org/underscore/download/underscore-1.10.2.tgz",
      "integrity": "sha1-c9aqNmjzGI5K2w8ZQ70Sz9fvqq8="
    },
    "underscore.string": {
      "version": "3.3.5",
      "resolved": "https://r.cnpmjs.org/underscore.string/download/underscore.string-3.3.5.tgz",
      "integrity": "sha1-/CrSVbi9MJ4jnLxYFv0jqbfqQCM=",
      "requires": {
        "sprintf-js": "^1.0.3",
        "util-deprecate": "^1.0.2"
      }
    },
    "util-deprecate": {
      "version": "1.0.2",
      "resolved": "https://r.cnpmjs.org/util-deprecate/download/util-deprecate-1.0.2.tgz",
      "integrity": "sha1-RQ1Nyfpw3nMnYvvS1KKJgUGaDM8="
    },
    "which": {
      "version": "2.0.2",
      "resolved": "https://r.cnpmjs.org/which/download/which-2.0.2.tgz",
      "integrity": "sha1-fGqN0KY2oDJ+ELWckobu6T8/UbE=",
      "requires": {
        "isexe": "^2.0.0"
      }
    }
  }
}
